
Microsoft Visual Studio Solution File, Format Version 12.00
# Visual Studio Version 17
VisualStudioVersion = 17.0.31912.275
MinimumVisualStudioVersion = 10.0.40219.1
Project("{8BC9CEB8-8B4A-11D0-8D11-00A0C91BC942}") = "Line", "Line\Line.vcxproj", "{D5C6D98A-C938-4391-A1FA-7507B0FD5565}"
EndProject
Global
	GlobalSection(SolutionConfigurationPlatforms) = preSolution
		Debug|x64 = Debug|x64
		Debug|x86 = Debug|x86
		Release|x64 = Release|x64
		Release|x86 = Release|x86
	EndGlobalSection
	GlobalSection(ProjectConfigurationPlatforms) = postSolution
		{D5C6D98A-C938-4391-A1FA-7507B0FD5565}.Debug|x64.ActiveCfg = Debug|x64
		{D5C6D98A-C938-4391-A1FA-7507B0FD5565}.Debug|x64.Build.0 = Debug|x64
		{D5C6D98A-C938-4391-A1FA-7507B0FD5565}.Debug|x86.ActiveCfg = Debug|Win32
		{D5C6D98A-C938-4391-A1FA-7507B0FD5565}.Debug|x86.Build.0 = Debug|Win32
		{D5C6D98A-C938-4391-A1FA-7507B0FD5565}.Release|x64.ActiveCfg = Release|x64
		{D5C6D98A-C938-4391-A1FA-7507B0FD5565}.Release|x64.Build.0 = Release|x64
		{D5C6D98A-C938-4391-A1FA-7507B0FD5565}.Release|x86.ActiveCfg = Release|Win32
		{D5C6D98A-C938-4391-A1FA-7507B0FD5565}.Release|x86.Build.0 = Release|Win32
	EndGlobalSection
	GlobalSection(SolutionProperties) = preSolution
		HideSolutionNode = FALSE
	EndGlobalSection
	GlobalSection(ExtensibilityGlobals) = postSolution
		SolutionGuid = {CC3AAAAF-BFB9-419B-962F-2AFE4228E223}
	EndGlobalSection
EndGlobal
